
Microsoft Visual Studio Solution File, Format Version 12.00
# Visual Studio Version 17
VisualStudioVersion = 17.8.34316.72
MinimumVisualStudioVersion = 10.0.40219.1
Project("{FAE04EC0-301F-11D3-BF4B-00C04F79EFBC}") = "EstructuraDatosConsolaCsharp", "EstructuraDatosConsolaCsharp\EstructuraDatosConsolaCsharp.csproj", "{DEF0BAB4-A6FC-4890-85E1-B80D92224513}"
EndProject
Global
	GlobalSection(SolutionConfigurationPlatforms) = preSolution
		Debug|Any CPU = Debug|Any CPU
		Release|Any CPU = Release|Any CPU
	EndGlobalSection
	GlobalSection(ProjectConfigurationPlatforms) = postSolution
		{DEF0BAB4-A6FC-4890-85E1-B80D92224513}.Debug|Any CPU.ActiveCfg = Debug|Any CPU
		{DEF0BAB4-A6FC-4890-85E1-B80D92224513}.Debug|Any CPU.Build.0 = Debug|Any CPU
		{DEF0BAB4-A6FC-4890-85E1-B80D92224513}.Release|Any CPU.ActiveCfg = Release|Any CPU
		{DEF0BAB4-A6FC-4890-85E1-B80D92224513}.Release|Any CPU.Build.0 = Release|Any CPU
	EndGlobalSection
	GlobalSection(SolutionProperties) = preSolution
		HideSolutionNode = FALSE
	EndGlobalSection
	GlobalSection(ExtensibilityGlobals) = postSolution
		SolutionGuid = {2E79C5DC-2F33-4BF9-A9D8-CB4030433EA7}
	EndGlobalSection
EndGlobal
